
Microsoft Visual Studio Solution File, Format Version 12.00
# Visual Studio Version 16
VisualStudioVersion = 25.0.1706.4
MinimumVisualStudioVersion = 10.0.40219.1
Project("{FAE04EC0-301F-11D3-BF4B-00C04F79EFBC}") = "test_EF", "test_EF\test_EF.csproj", "{370DC881-89E4-4743-AA3D-73951C7745C3}"
EndProject
Global
	GlobalSection(SolutionConfigurationPlatforms) = preSolution
		Debug|Any CPU = Debug|Any CPU
		Release|Any CPU = Release|Any CPU
	EndGlobalSection
	GlobalSection(ProjectConfigurationPlatforms) = postSolution
		{370DC881-89E4-4743-AA3D-73951C7745C3}.Debug|Any CPU.ActiveCfg = Debug|Any CPU
		{370DC881-89E4-4743-AA3D-73951C7745C3}.Debug|Any CPU.Build.0 = Debug|Any CPU
		{370DC881-89E4-4743-AA3D-73951C7745C3}.Release|Any CPU.ActiveCfg = Release|Any CPU
		{370DC881-89E4-4743-AA3D-73951C7745C3}.Release|Any CPU.Build.0 = Release|Any CPU
	EndGlobalSection
	GlobalSection(SolutionProperties) = preSolution
		HideSolutionNode = FALSE
	EndGlobalSection
	GlobalSection(ExtensibilityGlobals) = postSolution
		SolutionGuid = {AF43EFBD-8DDA-4B98-A93C-6A5BC4C7414B}
	EndGlobalSection
EndGlobal
